// !$*UTF8*$!
{
	archiveVersion = 1;
	classes = {
	};
	objectVersion = 46;
	objects = {

/* Begin PBXBuildFile section */
		537766C51E9859E500C7F88D /* AppDelegate.swift in Sources */ = {isa = PBXBuildFile; fileRef = 537766C41E9859E500C7F88D /* AppDelegate.swift */; };
		537766C71E9859E500C7F88D /* ViewController.swift in Sources */ = {isa = PBXBuildFile; fileRef = 537766C61E9859E500C7F88D /* ViewController.swift */; };
		537766CA1E9859E600C7F88D /* Main.storyboard in Resources */ = {isa = PBXBuildFile; fileRef = 537766C81E9859E600C7F88D /* Main.storyboard */; };
		537766CC1E9859E600C7F88D /* Assets.xcassets in Resources */ = {isa = PBXBuildFile; fileRef = 537766CB1E9859E600C7F88D /* Assets.xcassets */; };
		537766CF1E9859E600C7F88D /* LaunchScreen.storyboard in Resources */ = {isa = PBXBuildFile; fileRef = 537766CD1E9859E600C7F88D /* LaunchScreen.storyboard */; };
/* End PBXBuildFile section */

/* Begin PBXFileReference section */
		537766C11E9859E500C7F88D /* MeuCombustivel.app */ = {isa = PBXFileReference; explicitFileType = wrapper.application; includeInIndex = 0; path = MeuCombustivel.app; sourceTree = BUILT_PRODUCTS_DIR; };
		537766C41E9859E500C7F88D /* AppDelegate.swift */ = {isa = PBXFileReference; lastKnownFileType = sourcecode.swift; path = AppDelegate.swift; sourceTree = "<group>"; };
		537766C61E9859E500C7F88D /* ViewController.swift */ = {isa = PBXFileReference; lastKnownFileType = sourcecode.swift; path = ViewController.swift; sourceTree = "<group>"; };
		537766C91E9859E600C7F88D /* Base */ = {isa = PBXFileReference; lastKnownFileType = file.storyboard; name = Base; path = Base.lproj/Main.storyboard; sourceTree = "<group>"; };
		537766CB1E9859E600C7F88D /* Assets.xcassets */ = {isa = PBXFileReference; lastKnownFileType = folder.assetcatalog; path = Assets.xcassets; sourceTree = "<group>"; };
		537766CE1E9859E600C7F88D /* Base */ = {isa = PBXFileReference; lastKnownFileType = file.storyboard; name = Base; path = Base.lproj/LaunchScreen.storyboard; sourceTree = "<group>"; };
		537766D01E9859E600C7F88D /* Info.plist */ = {isa = PBXFileReference; lastKnownFileType = text.plist.xml; path = Info.plist; sourceTree = "<group>"; };
/* End PBXFileReference section */

/* Begin PBXFrameworksBuildPhase section */
		537766BE1E9859E500C7F88D /* Frameworks */ = {
			isa = PBXFrameworksBuildPhase;
			buildActionMask = 2147483647;
			files = (
			);
			runOnlyForDeploymentPostprocessing = 0;
		};
/* End PBXFrameworksBuildPhase section */

/* Begin PBXGroup section */
		537766B81E9859E500C7F88D = {
			isa = PBXGroup;
			children = (
				537766C31E9859E500C7F88D /* MeuCombustivel */,
				537766C21E9859E500C7F88D /* Products */,
			);
			sourceTree = "<group>";
		};
		537766C21E9859E500C7F88D /* Products */ = {
			isa = PBXGroup;
			children = (
				537766C11E9859E500C7F88D /* MeuCombustivel.app */,
			);
			name = Products;
			sourceTree = "<group>";
		};
		537766C31E9859E500C7F88D /* MeuCombustivel */ = {
			isa = PBXGroup;
			children = (
				537766C41E9859E500C7F88D /* AppDelegate.swift */,
				537766C61E9859E500C7F88D /* ViewController.swift */,
				537766C81E9859E600C7F88D /* Main.storyboard */,
				537766CB1E9859E600C7F88D /* Assets.xcassets */,
				537766CD1E9859E600C7F88D /* LaunchScreen.storyboard */,
				537766D01E9859E600C7F88D /* Info.plist */,
			);
			path = MeuCombustivel;
			sourceTree = "<group>";
		};
/* End PBXGroup section */

/* Begin PBXNativeTarget section */
		537766C01E9859E500C7F88D /* MeuCombustivel */ = {
			isa = PBXNativeTarget;
			buildConfigurationList = 537766D31E9859E600C7F88D /* Build configuration list for PBXNativeTarget "MeuCombustivel" */;
			buildPhases = (
				537766BD1E9859E500C7F88D /* Sources */,
				537766BE1E9859E500C7F88D /* Frameworks */,
				537766BF1E9859E500C7F88D /* Resources */,
			);
			buildRules = (
			);
			dependencies = (
			);
			name = MeuCombustivel;
			productName = MeuCombustivel;
			productReference = 537766C11E9859E500C7F88D /* MeuCombustivel.app */;
			productType = "com.apple.product-type.application";
		};
/* End PBXNativeTarget section */

/* Begin PBXProject section */
		537766B91E9859E500C7F88D /* Project object */ = {
			isa = PBXProject;
			attributes = {
				LastSwiftUpdateCheck = 0820;
				LastUpgradeCheck = 0820;
				ORGANIZATIONNAME = "Comar Ltda.";
				TargetAttributes = {
					537766C01E9859E500C7F88D = {
						CreatedOnToolsVersion = 8.2.1;
						ProvisioningStyle = Automatic;
					};
				};
			};
			buildConfigurationList = 537766BC1E9859E500C7F88D /* Build configuration list for PBXProject "MeuCombustivel" */;
			compatibilityVersion = "Xcode 3.2";
			developmentRegion = English;
			hasScannedForEncodings = 0;
			knownRegions = (
				en,
				Base,
			);
			mainGroup = 537766B81E9859E500C7F88D;
			productRefGroup = 537766C21E9859E500C7F88D /* Products */;
			projectDirPath = "";
			projectRoot = "";
			targets = (
				537766C01E9859E500C7F88D /* MeuCombustivel */,
			);
		};
/* End PBXProject section */

/* Begin PBXResourcesBuildPhase section */
		537766BF1E9859E500C7F88D /* Resources */ = {
			isa = PBXResourcesBuildPhase;
			buildActionMask = 2147483647;
			files = (
				537766CF1E9859E600C7F88D /* LaunchScreen.storyboard in Resources */,
				537766CC1E9859E600C7F88D /* Assets.xcassets in Resources */,
				537766CA1E9859E600C7F88D /* Main.storyboard in Resources */,
			);
			runOnlyForDeploymentPostprocessing = 0;
		};
/* End PBXResourcesBuildPhase section */

/* Begin PBXSourcesBuildPhase section */
		537766BD1E9859E500C7F88D /* Sources */ = {
			isa = PBXSourcesBuildPhase;
			buildActionMask = 2147483647;
			files = (
				537766C71E9859E500C7F88D /* ViewController.swift in Sources */,
				537766C51E9859E500C7F88D /* AppDelegate.swift in Sources */,
			);
			runOnlyForDeploymentPostprocessing = 0;
		};
/* End PBXSourcesBuildPhase section */

/* Begin PBXVariantGroup section */
		537766C81E9859E600C7F88D /* Main.storyboard */ = {
			isa = PBXVariantGroup;
			children = (
				537766C91E9859E600C7F88D /* Base */,
			);
			name = Main.storyboard;
			sourceTree = "<group>";
		};
		537766CD1E9859E600C7F88D /* LaunchScreen.storyboard */ = {
			isa = PBXVariantGroup;
			children = (
				537766CE1E9859E600C7F88D /* Base */,
			);
			name = LaunchScreen.storyboard;
			sourceTree = "<group>";
		};
/* End PBXVariantGroup section */

/* Begin XCBuildConfiguration section */
		537766D11E9859E600C7F88D /* Debug */ = {
			isa = XCBuildConfiguration;
			buildSettings = {
				ALWAYS_SEARCH_USER_PATHS = NO;
				CLANG_ANALYZER_NONNULL = YES;
				CLANG_CXX_LANGUAGE_STANDARD = "gnu++0x";
				CLANG_CXX_LIBRARY = "libc++";
				CLANG_ENABLE_MODULES = YES;
				CLANG_ENABLE_OBJC_ARC = YES;
				CLANG_WARN_BOOL_CONVERSION = YES;
				CLANG_WARN_CONSTANT_CONVERSION = YES;
				CLANG_WARN_DIRECT_OBJC_ISA_USAGE = YES_ERROR;
				CLANG_WARN_DOCUMENTATION_COMMENTS = YES;
				CLANG_WARN_EMPTY_BODY = YES;
				CLANG_WARN_ENUM_CONVERSION = YES;
				CLANG_WARN_INFINITE_RECURSION = YES;
				CLANG_WARN_INT_CONVERSION = YES;
				CLANG_WARN_OBJC_ROOT_CLASS = YES_ERROR;
				CLANG_WARN_SUSPICIOUS_MOVE = YES;
				CLANG_WARN_UNREACHABLE_CODE = YES;
				CLANG_WARN__DUPLICATE_METHOD_MATCH = YES;
				"CODE_SIGN_IDENTITY[sdk=iphoneos*]" = "iPhone Developer";
				COPY_PHASE_STRIP = NO;
				DEBUG_INFORMATION_FORMAT = dwarf;
				ENABLE_STRICT_OBJC_MSGSEND = YES;
				ENABLE_TESTABILITY = YES;
				GCC_C_LANGUAGE_STANDARD = gnu99;
				GCC_DYNAMIC_NO_PIC = NO;
				GCC_NO_COMMON_BLOCKS = YES;
				GCC_OPTIMIZATION_LEVEL = 0;
				GCC_PREPROCESSOR_DEFINITIONS = (
					"DEBUG=1",
					"$(inherited)",
				);
				GCC_WARN_64_TO_32_BIT_CONVERSION = YES;
				GCC_WARN_ABOUT_RETURN_TYPE = YES_ERROR;
				GCC_WARN_UNDECLARED_SELECTOR = YES;
				GCC_WARN_UNINITIALIZED_AUTOS = YES_AGGRESSIVE;
				GCC_WARN_UNUSED_FUNCTION = YES;
				GCC_WARN_UNUSED_VARIABLE = YES;
				IPHONEOS_DEPLOYMENT_TARGET = 10.2;
				MTL_ENABLE_DEBUG_INFO = YES;
				ONLY_ACTIVE_ARCH = YES;
				SDKROOT = iphoneos;
				SWIFT_ACTIVE_COMPILATION_CONDITIONS = DEBUG;
				SWIFT_OPTIMIZATION_LEVEL = "-Onone";
				TARGETED_DEVICE_FAMILY = "1,2";
			};
			name = Debug;
		};
		537766D21E9859E600C7F88D /* Release */ = {
			isa = XCBuildConfiguration;
			buildSettings = {
				ALWAYS_SEARCH_USER_PATHS = NO;
				CLANG_ANALYZER_NONNULL = YES;
				CLANG_CXX_LANGUAGE_STANDARD = "gnu++0x";
				CLANG_CXX_LIBRARY = "libc++";
				CLANG_ENABLE_MODULES = YES;
				CLANG_ENABLE_OBJC_ARC = YES;
				CLANG_WARN_BOOL_CONVERSION = YES;
				CLANG_WARN_CONSTANT_CONVERSION = YES;
				CLANG_WARN_DIRECT_OBJC_ISA_USAGE = YES_ERROR;
				CLANG_WARN_DOCUMENTATION_COMMENTS = YES;
				CLANG_WARN_EMPTY_BODY = YES;
				CLANG_WARN_ENUM_CONVERSION = YES;
				CLANG_WARN_INFINITE_RECURSION = YES;
				CLANG_WARN_INT_CONVERSION = YES;
				CLANG_WARN_OBJC_ROOT_CLASS = YES_ERROR;
				CLANG_WARN_SUSPICIOUS_MOVE = YES;
				CLANG_WARN_UNREACHABLE_CODE = YES;
				CLANG_WARN__DUPLICATE_METHOD_MATCH = YES;
				"CODE_SIGN_IDENTITY[sdk=iphoneos*]" = "iPhone Developer";
				COPY_PHASE_STRIP = NO;
				DEBUG_INFORMATION_FORMAT = "dwarf-with-dsym";
				ENABLE_NS_ASSERTIONS = NO;
				ENABLE_STRICT_OBJC_MSGSEND = YES;
				GCC_C_LANGUAGE_STANDARD = gnu99;
				GCC_NO_COMMON_BLOCKS = YES;
				GCC_WARN_64_TO_32_BIT_CONVERSION = YES;
				GCC_WARN_ABOUT_RETURN_TYPE = YES_ERROR;
				GCC_WARN_UNDECLARED_SELECTOR = YES;
				GCC_WARN_UNINITIALIZED_AUTOS = YES_AGGRESSIVE;
				GCC_WARN_UNUSED_FUNCTION = YES;
				GCC_WARN_UNUSED_VARIABLE = YES;
				IPHONEOS_DEPLOYMENT_TARGET = 10.2;
				MTL_ENABLE_DEBUG_INFO = NO;
				SDKROOT = iphoneos;
				SWIFT_OPTIMIZATION_LEVEL = "-Owholemodule";
				TARGETED_DEVICE_FAMILY = "1,2";
				VALIDATE_PRODUCT = YES;
			};
			name = Release;
		};
		537766D41E9859E600C7F88D /* Debug */ = {
			isa = XCBuildConfiguration;
			buildSettings = {
				ASSETCATALOG_COMPILER_APPICON_NAME = AppIcon;
				INFOPLIST_FILE = MeuCombustivel/Info.plist;
				LD_RUNPATH_SEARCH_PATHS = "$(inherited) @executable_path/Frameworks";
				PRODUCT_BUNDLE_IDENTIFIER = br.com.comar.MeuCombustivel;
				PRODUCT_NAME = "$(TARGET_NAME)";
				SWIFT_VERSION = 3.0;
			};
			name = Debug;
		};
		537766D51E9859E600C7F88D /* Release */ = {
			isa = XCBuildConfiguration;
			buildSettings = {
				ASSETCATALOG_COMPILER_APPICON_NAME = AppIcon;
				INFOPLIST_FILE = MeuCombustivel/Info.plist;
				LD_RUNPATH_SEARCH_PATHS = "$(inherited) @executable_path/Frameworks";
				PRODUCT_BUNDLE_IDENTIFIER = br.com.comar.MeuCombustivel;
				PRODUCT_NAME = "$(TARGET_NAME)";
				SWIFT_VERSION = 3.0;
			};
			name = Release;
		};
/* End XCBuildConfiguration section */

/* Begin XCConfigurationList section */
		537766BC1E9859E500C7F88D /* Build configuration list for PBXProject "MeuCombustivel" */ = {
			isa = XCConfigurationList;
			buildConfigurations = (
				537766D11E9859E600C7F88D /* Debug */,
				537766D21E9859E600C7F88D /* Release */,
			);
			defaultConfigurationIsVisible = 0;
			defaultConfigurationName = Release;
		};
		537766D31E9859E600C7F88D /* Build configuration list for PBXNativeTarget "MeuCombustivel" */ = {
			isa = XCConfigurationList;
			buildConfigurations = (
				537766D41E9859E600C7F88D /* Debug */,
				537766D51E9859E600C7F88D /* Release */,
			);
			defaultConfigurationIsVisible = 0;
		};
/* End XCConfigurationList section */
	};
	rootObject = 537766B91E9859E500C7F88D /* Project object */;
}
